
Microsoft Visual Studio Solution File, Format Version 12.00
# Visual Studio Version 16
VisualStudioVersion = 16.0.31105.61
MinimumVisualStudioVersion = 10.0.40219.1
Project("{FAE04EC0-301F-11D3-BF4B-00C04F79EFBC}") = "ToDoList", "ToDoList.csproj", "{C57C2A9B-B9C1-4AC0-B91E-EB0F53481EFE}"
EndProject
Global
	GlobalSection(SolutionConfigurationPlatforms) = preSolution
		Debug|Any CPU = Debug|Any CPU
		Release|Any CPU = Release|Any CPU
	EndGlobalSection
	GlobalSection(ProjectConfigurationPlatforms) = postSolution
		{C57C2A9B-B9C1-4AC0-B91E-EB0F53481EFE}.Debug|Any CPU.ActiveCfg = Debug|Any CPU
		{C57C2A9B-B9C1-4AC0-B91E-EB0F53481EFE}.Debug|Any CPU.Build.0 = Debug|Any CPU
		{C57C2A9B-B9C1-4AC0-B91E-EB0F53481EFE}.Release|Any CPU.ActiveCfg = Release|Any CPU
		{C57C2A9B-B9C1-4AC0-B91E-EB0F53481EFE}.Release|Any CPU.Build.0 = Release|Any CPU
	EndGlobalSection
	GlobalSection(SolutionProperties) = preSolution
		HideSolutionNode = FALSE
	EndGlobalSection
	GlobalSection(ExtensibilityGlobals) = postSolution
		SolutionGuid = {F6D3EE99-F9AE-4976-8E41-0F15535EFD65}
	EndGlobalSection
EndGlobal
